{
  "name": "official-doc-parser-web",
  "version": "1.0.0",
  "lockfileVersion": 3,
  "requires": true,
  "packages": {
    "": {
      "name": "official-doc-parser-web",
      "version": "1.0.0",
      "dependencies": {
        "mupdf": "^1.28.0",
        "openai": "^7.5.0",
        "yaml": "^2.9.0"
      }
    },
    "node_modules/mupdf": {
      "version": "1.28.0",
      "resolved": "https://registry.npmjs.org/mupdf/-/mupdf-1.28.0.tgz",
      "integrity": "sha512-ACUnbpECaQ5JLq04pwd89lS+0IGMest5qL5tb08g9TAR7bDtfqflHEkb2Xm3o4rvC/szguLiV+WEbW9kstj8Sg==",
      "license": "AGPL-3.0-or-later"
    },
    "node_modules/openai": {
      "version": "7.5.0",
      "resolved": "https://registry.npmjs.org/openai/-/openai-7.5.0.tgz",
      "integrity": "sha512-ZbDBz8FSB8Mv8fFYIUvzTFMdV5vl93/octp1MdtK2lfYepSpfv/ewmeugpKz/cwGtFSx+YuUM4NwpZ2P55YiPA==",
      "license": "Apache-2.0",
      "engines": {
        "node": ">=22.0.0"
      },
      "peerDependencies": {
        "@aws-sdk/credential-provider-node": ">=3.972.0 <4",
        "@smithy/hash-node": ">=4.3.0 <5",
        "@smithy/signature-v4": ">=5.4.0 <6",
        "ws": "^8.18.0",
        "zod": "^3.25 || ^4.0"
      },
      "peerDependenciesMeta": {
        "@aws-sdk/credential-provider-node": {
          "optional": true
        },
        "@smithy/hash-node": {
          "optional": true
        },
        "@smithy/signature-v4": {
          "optional": true
        },
        "ws": {
          "optional": true
        },
        "zod": {
          "optional": true
        }
      }
    },
    "node_modules/yaml": {
      "version": "2.9.0",
      "resolved": "https://registry.npmjs.org/yaml/-/yaml-2.9.0.tgz",
      "integrity": "sha512-2AvhNX3mb8zd6Zy7INTtSpl1F15HW6Wnqj0srWlkKLcpYl/gMIMJiyuGq2KeI2YFxUPjdlB+3Lc10seMLtL4cA==",
      "license": "ISC",
      "bin": {
        "yaml": "bin.mjs"
      },
      "engines": {
        "node": ">= 14.6"
      },
      "funding": {
        "url": "https://github.com/sponsors/eemeli"
      }
    }
  }
}
